
Microsoft Visual Studio Solution File, Format Version 12.00
# Visual Studio Version 17
VisualStudioVersion = 17.14.36301.6 d17.14
MinimumVisualStudioVersion = 10.0.40219.1
Project("{FAE04EC0-301F-11D3-BF4B-00C04F79EFBC}") = "CarRentalSystem", "CarRentalSystem.csproj", "{FD02D520-B81B-4AA4-A78A-6E127B8ABAC2}"
EndProject
Project("{FAE04EC0-301F-11D3-BF4B-00C04F79EFBC}") = "CarRentalDataAccessLayer", "..\CarRentalDataAccessLayer\CarRentalDataAccessLayer.csproj", "{EBA63C40-2441-4909-A17C-C59672DB1E96}"
EndProject
Project("{FAE04EC0-301F-11D3-BF4B-00C04F79EFBC}") = "CarRentalAPIBusinessLayer", "..\CarRentalAPIBusinessLayer\CarRentalAPIBusinessLayer.csproj", "{FB6CF80B-6BEF-4C63-B2C3-A38A6890BF39}"
EndProject
Global
	GlobalSection(SolutionConfigurationPlatforms) = preSolution
		Debug|Any CPU = Debug|Any CPU
		Release|Any CPU = Release|Any CPU
	EndGlobalSection
	GlobalSection(ProjectConfigurationPlatforms) = postSolution
		{FD02D520-B81B-4AA4-A78A-6E127B8ABAC2}.Debug|Any CPU.ActiveCfg = Debug|Any CPU
		{FD02D520-B81B-4AA4-A78A-6E127B8ABAC2}.Debug|Any CPU.Build.0 = Debug|Any CPU
		{FD02D520-B81B-4AA4-A78A-6E127B8ABAC2}.Release|Any CPU.ActiveCfg = Release|Any CPU
		{FD02D520-B81B-4AA4-A78A-6E127B8ABAC2}.Release|Any CPU.Build.0 = Release|Any CPU
		{EBA63C40-2441-4909-A17C-C59672DB1E96}.Debug|Any CPU.ActiveCfg = Debug|Any CPU
		{EBA63C40-2441-4909-A17C-C59672DB1E96}.Debug|Any CPU.Build.0 = Debug|Any CPU
		{EBA63C40-2441-4909-A17C-C59672DB1E96}.Release|Any CPU.ActiveCfg = Release|Any CPU
		{EBA63C40-2441-4909-A17C-C59672DB1E96}.Release|Any CPU.Build.0 = Release|Any CPU
		{FB6CF80B-6BEF-4C63-B2C3-A38A6890BF39}.Debug|Any CPU.ActiveCfg = Debug|Any CPU
		{FB6CF80B-6BEF-4C63-B2C3-A38A6890BF39}.Debug|Any CPU.Build.0 = Debug|Any CPU
		{FB6CF80B-6BEF-4C63-B2C3-A38A6890BF39}.Release|Any CPU.ActiveCfg = Release|Any CPU
		{FB6CF80B-6BEF-4C63-B2C3-A38A6890BF39}.Release|Any CPU.Build.0 = Release|Any CPU
	EndGlobalSection
	GlobalSection(SolutionProperties) = preSolution
		HideSolutionNode = FALSE
	EndGlobalSection
	GlobalSection(ExtensibilityGlobals) = postSolution
		SolutionGuid = {4CCB128B-D12C-40AC-A373-EE1B62407E24}
	EndGlobalSection
EndGlobal
